
Microsoft Visual Studio Solution File, Format Version 12.00
# Visual Studio 15
VisualStudioVersion = 15.0.33423.255
MinimumVisualStudioVersion = 10.0.40219.1
Project("{FAE04EC0-301F-11D3-BF4B-00C04F79EFBC}") = "yetAnotherObfuscator", "yetAnotherObfuscator\yetAnotherObfuscator.csproj", "{D33D0896-F27E-4CB6-857C-1E20870B50AB}"
EndProject
Global
	GlobalSection(SolutionConfigurationPlatforms) = preSolution
		Debug|Any CPU = Debug|Any CPU
		Release|Any CPU = Release|Any CPU
	EndGlobalSection
	GlobalSection(ProjectConfigurationPlatforms) = postSolution
		{D33D0896-F27E-4CB6-857C-1E20870B50AB}.Debug|Any CPU.ActiveCfg = Debug|Any CPU
		{D33D0896-F27E-4CB6-857C-1E20870B50AB}.Debug|Any CPU.Build.0 = Debug|Any CPU
		{D33D0896-F27E-4CB6-857C-1E20870B50AB}.Release|Any CPU.ActiveCfg = Release|Any CPU
		{D33D0896-F27E-4CB6-857C-1E20870B50AB}.Release|Any CPU.Build.0 = Release|Any CPU
	EndGlobalSection
	GlobalSection(SolutionProperties) = preSolution
		HideSolutionNode = FALSE
	EndGlobalSection
	GlobalSection(ExtensibilityGlobals) = postSolution
		SolutionGuid = {C23DD881-C84C-4AA7-A0E7-DCD107129F8E}
	EndGlobalSection
EndGlobal
